
Microsoft Visual Studio Solution File, Format Version 12.00
# Visual Studio Version 16
VisualStudioVersion = 16.0.29230.47
MinimumVisualStudioVersion = 10.0.40219.1
Project("{FAE04EC0-301F-11D3-BF4B-00C04F79EFBC}") = "BudgetCare", "BudgetCare\BudgetCare.csproj", "{635389BC-A9A5-489D-A72C-E13238827496}"
EndProject
Global
	GlobalSection(SolutionConfigurationPlatforms) = preSolution
		Debug|Any CPU = Debug|Any CPU
		Release|Any CPU = Release|Any CPU
	EndGlobalSection
	GlobalSection(ProjectConfigurationPlatforms) = postSolution
		{635389BC-A9A5-489D-A72C-E13238827496}.Debug|Any CPU.ActiveCfg = Debug|Any CPU
		{635389BC-A9A5-489D-A72C-E13238827496}.Debug|Any CPU.Build.0 = Debug|Any CPU
		{635389BC-A9A5-489D-A72C-E13238827496}.Release|Any CPU.ActiveCfg = Release|Any CPU
		{635389BC-A9A5-489D-A72C-E13238827496}.Release|Any CPU.Build.0 = Release|Any CPU
	EndGlobalSection
	GlobalSection(SolutionProperties) = preSolution
		HideSolutionNode = FALSE
	EndGlobalSection
	GlobalSection(ExtensibilityGlobals) = postSolution
		SolutionGuid = {00E9CB3B-FD43-41DC-A7AC-AD688375DAD3}
	EndGlobalSection
EndGlobal
